
Microsoft Visual Studio Solution File, Format Version 12.00
# Visual Studio Version 17
VisualStudioVersion = 17.8.34330.188
MinimumVisualStudioVersion = 10.0.40219.1
Project("{FAE04EC0-301F-11D3-BF4B-00C04F79EFBC}") = "GamblersMod", "GamblersMod\GamblersMod.csproj", "{4389DD08-EB54-4B6F-955C-5F772ECC6FC7}"
EndProject
Project("{2150E333-8FDC-42A3-9474-1A3956D46DE8}") = "Solution Items", "Solution Items", "{30A4848D-7698-4156-A6EE-19BEE1C79E08}"
	ProjectSection(SolutionItems) = preProject
		.editorconfig = .editorconfig
	EndProjectSection
EndProject
Global
	GlobalSection(SolutionConfigurationPlatforms) = preSolution
		Debug|Any CPU = Debug|Any CPU
		Release|Any CPU = Release|Any CPU
	EndGlobalSection
	GlobalSection(ProjectConfigurationPlatforms) = postSolution
		{4389DD08-EB54-4B6F-955C-5F772ECC6FC7}.Debug|Any CPU.ActiveCfg = Debug|Any CPU
		{4389DD08-EB54-4B6F-955C-5F772ECC6FC7}.Debug|Any CPU.Build.0 = Debug|Any CPU
		{4389DD08-EB54-4B6F-955C-5F772ECC6FC7}.Release|Any CPU.ActiveCfg = Release|Any CPU
		{4389DD08-EB54-4B6F-955C-5F772ECC6FC7}.Release|Any CPU.Build.0 = Release|Any CPU
	EndGlobalSection
	GlobalSection(SolutionProperties) = preSolution
		HideSolutionNode = FALSE
	EndGlobalSection
	GlobalSection(ExtensibilityGlobals) = postSolution
		SolutionGuid = {BF18E415-9C98-432A-82F6-6075052B50B7}
	EndGlobalSection
EndGlobal
